// !$*UTF8*$!
{
	archiveVersion = 1;
	classes = {
	};
	objectVersion = 50;
	objects = {

/* Begin PBXBuildFile section */
		9A625086BA2FBD357D89EC0D /* Pods_MetalDetector.framework in Frameworks */ = {isa = PBXBuildFile; fileRef = 5442AF30A0AEA5811528AE91 /* Pods_MetalDetector.framework */; };
		9E67092926676066009EEB1D /* AppDelegate.swift in Sources */ = {isa = PBXBuildFile; fileRef = 9E67092826676066009EEB1D /* AppDelegate.swift */; };
		9E67092B26676066009EEB1D /* SceneDelegate.swift in Sources */ = {isa = PBXBuildFile; fileRef = 9E67092A26676066009EEB1D /* SceneDelegate.swift */; };
		9E67092D26676066009EEB1D /* ViewController.swift in Sources */ = {isa = PBXBuildFile; fileRef = 9E67092C26676066009EEB1D /* ViewController.swift */; };
		9E67093026676066009EEB1D /* Main.storyboard in Resources */ = {isa = PBXBuildFile; fileRef = 9E67092E26676066009EEB1D /* Main.storyboard */; };
		9E67093226676069009EEB1D /* Assets.xcassets in Resources */ = {isa = PBXBuildFile; fileRef = 9E67093126676069009EEB1D /* Assets.xcassets */; };
		9E67093526676069009EEB1D /* LaunchScreen.storyboard in Resources */ = {isa = PBXBuildFile; fileRef = 9E67093326676069009EEB1D /* LaunchScreen.storyboard */; };
		9E670942266762D2009EEB1D /* MagnetometerManager.swift in Sources */ = {isa = PBXBuildFile; fileRef = 9E670941266762D2009EEB1D /* MagnetometerManager.swift */; };
/* End PBXBuildFile section */

/* Begin PBXFileReference section */
		1DB8FB7CE26E259820A75250 /* Pods-MetalDetector.release.xcconfig */ = {isa = PBXFileReference; includeInIndex = 1; lastKnownFileType = text.xcconfig; name = "Pods-MetalDetector.release.xcconfig"; path = "Target Support Files/Pods-MetalDetector/Pods-MetalDetector.release.xcconfig"; sourceTree = "<group>"; };
		5442AF30A0AEA5811528AE91 /* Pods_MetalDetector.framework */ = {isa = PBXFileReference; explicitFileType = wrapper.framework; includeInIndex = 0; path = Pods_MetalDetector.framework; sourceTree = BUILT_PRODUCTS_DIR; };
		5EF2CAB35D855D50253B6EB5 /* Pods-MetalDetector.debug.xcconfig */ = {isa = PBXFileReference; includeInIndex = 1; lastKnownFileType = text.xcconfig; name = "Pods-MetalDetector.debug.xcconfig"; path = "Target Support Files/Pods-MetalDetector/Pods-MetalDetector.debug.xcconfig"; sourceTree = "<group>"; };
		9E67092526676066009EEB1D /* MetalDetector.app */ = {isa = PBXFileReference; explicitFileType = wrapper.application; includeInIndex = 0; path = MetalDetector.app; sourceTree = BUILT_PRODUCTS_DIR; };
		9E67092826676066009EEB1D /* AppDelegate.swift */ = {isa = PBXFileReference; lastKnownFileType = sourcecode.swift; path = AppDelegate.swift; sourceTree = "<group>"; };
		9E67092A26676066009EEB1D /* SceneDelegate.swift */ = {isa = PBXFileReference; lastKnownFileType = sourcecode.swift; path = SceneDelegate.swift; sourceTree = "<group>"; };
		9E67092C26676066009EEB1D /* ViewController.swift */ = {isa = PBXFileReference; lastKnownFileType = sourcecode.swift; path = ViewController.swift; sourceTree = "<group>"; };
		9E67092F26676066009EEB1D /* Base */ = {isa = PBXFileReference; lastKnownFileType = file.storyboard; name = Base; path = Base.lproj/Main.storyboard; sourceTree = "<group>"; };
		9E67093126676069009EEB1D /* Assets.xcassets */ = {isa = PBXFileReference; lastKnownFileType = folder.assetcatalog; path = Assets.xcassets; sourceTree = "<group>"; };
		9E67093426676069009EEB1D /* Base */ = {isa = PBXFileReference; lastKnownFileType = file.storyboard; name = Base; path = Base.lproj/LaunchScreen.storyboard; sourceTree = "<group>"; };
		9E67093626676069009EEB1D /* Info.plist */ = {isa = PBXFileReference; lastKnownFileType = text.plist.xml; path = Info.plist; sourceTree = "<group>"; };
		9E670941266762D2009EEB1D /* MagnetometerManager.swift */ = {isa = PBXFileReference; lastKnownFileType = sourcecode.swift; path = MagnetometerManager.swift; sourceTree = "<group>"; };
/* End PBXFileReference section */

/* Begin PBXFrameworksBuildPhase section */
		9E67092226676066009EEB1D /* Frameworks */ = {
			isa = PBXFrameworksBuildPhase;
			buildActionMask = 2147483647;
			files = (
				9A625086BA2FBD357D89EC0D /* Pods_MetalDetector.framework in Frameworks */,
			);
			runOnlyForDeploymentPostprocessing = 0;
		};
/* End PBXFrameworksBuildPhase section */

/* Begin PBXGroup section */
		9E67091C26676066009EEB1D = {
			isa = PBXGroup;
			children = (
				9E67092726676066009EEB1D /* MetalDetector */,
				9E67092626676066009EEB1D /* Products */,
				FB98C1AFEB385C177C3D6F7A /* Pods */,
				E696B3D5C9FBCAF0DF63B85E /* Frameworks */,
			);
			sourceTree = "<group>";
		};
		9E67092626676066009EEB1D /* Products */ = {
			isa = PBXGroup;
			children = (
				9E67092526676066009EEB1D /* MetalDetector.app */,
			);
			name = Products;
			sourceTree = "<group>";
		};
		9E67092726676066009EEB1D /* MetalDetector */ = {
			isa = PBXGroup;
			children = (
				9E67094326676F5A009EEB1D /* Manager */,
				9E67092826676066009EEB1D /* AppDelegate.swift */,
				9E67092A26676066009EEB1D /* SceneDelegate.swift */,
				9E67092C26676066009EEB1D /* ViewController.swift */,
				9E67092E26676066009EEB1D /* Main.storyboard */,
				9E67093326676069009EEB1D /* LaunchScreen.storyboard */,
				9E67093126676069009EEB1D /* Assets.xcassets */,
				9E67093626676069009EEB1D /* Info.plist */,
			);
			path = MetalDetector;
			sourceTree = "<group>";
		};
		9E67094326676F5A009EEB1D /* Manager */ = {
			isa = PBXGroup;
			children = (
				9E670941266762D2009EEB1D /* MagnetometerManager.swift */,
			);
			path = Manager;
			sourceTree = "<group>";
		};
		E696B3D5C9FBCAF0DF63B85E /* Frameworks */ = {
			isa = PBXGroup;
			children = (
				5442AF30A0AEA5811528AE91 /* Pods_MetalDetector.framework */,
			);
			name = Frameworks;
			sourceTree = "<group>";
		};
		FB98C1AFEB385C177C3D6F7A /* Pods */ = {
			isa = PBXGroup;
			children = (
				5EF2CAB35D855D50253B6EB5 /* Pods-MetalDetector.debug.xcconfig */,
				1DB8FB7CE26E259820A75250 /* Pods-MetalDetector.release.xcconfig */,
			);
			name = Pods;
			path = Pods;
			sourceTree = "<group>";
		};
/* End PBXGroup section */

/* Begin PBXNativeTarget section */
		9E67092426676066009EEB1D /* MetalDetector */ = {
			isa = PBXNativeTarget;
			buildConfigurationList = 9E67093926676069009EEB1D /* Build configuration list for PBXNativeTarget "MetalDetector" */;
			buildPhases = (
				71D8827816101F8E907E284E /* [CP] Check Pods Manifest.lock */,
				9E67092126676066009EEB1D /* Sources */,
				9E67092226676066009EEB1D /* Frameworks */,
				9E67092326676066009EEB1D /* Resources */,
				CF2C93C4610CAC5A1C7CE57E /* [CP] Embed Pods Frameworks */,
			);
			buildRules = (
			);
			dependencies = (
			);
			name = MetalDetector;
			productName = MetalDetector;
			productReference = 9E67092526676066009EEB1D /* MetalDetector.app */;
			productType = "com.apple.product-type.application";
		};
/* End PBXNativeTarget section */

/* Begin PBXProject section */
		9E67091D26676066009EEB1D /* Project object */ = {
			isa = PBXProject;
			attributes = {
				LastSwiftUpdateCheck = 1250;
				LastUpgradeCheck = 1250;
				TargetAttributes = {
					9E67092426676066009EEB1D = {
						CreatedOnToolsVersion = 12.5;
					};
				};
			};
			buildConfigurationList = 9E67092026676066009EEB1D /* Build configuration list for PBXProject "MetalDetector" */;
			compatibilityVersion = "Xcode 9.3";
			developmentRegion = en;
			hasScannedForEncodings = 0;
			knownRegions = (
				en,
				Base,
			);
			mainGroup = 9E67091C26676066009EEB1D;
			productRefGroup = 9E67092626676066009EEB1D /* Products */;
			projectDirPath = "";
			projectRoot = "";
			targets = (
				9E67092426676066009EEB1D /* MetalDetector */,
			);
		};
/* End PBXProject section */

/* Begin PBXResourcesBuildPhase section */
		9E67092326676066009EEB1D /* Resources */ = {
			isa = PBXResourcesBuildPhase;
			buildActionMask = 2147483647;
			files = (
				9E67093526676069009EEB1D /* LaunchScreen.storyboard in Resources */,
				9E67093226676069009EEB1D /* Assets.xcassets in Resources */,
				9E67093026676066009EEB1D /* Main.storyboard in Resources */,
			);
			runOnlyForDeploymentPostprocessing = 0;
		};
/* End PBXResourcesBuildPhase section */

/* Begin PBXShellScriptBuildPhase section */
		71D8827816101F8E907E284E /* [CP] Check Pods Manifest.lock */ = {
			isa = PBXShellScriptBuildPhase;
			buildActionMask = 2147483647;
			files = (
			);
			inputFileListPaths = (
			);
			inputPaths = (
				"${PODS_PODFILE_DIR_PATH}/Podfile.lock",
				"${PODS_ROOT}/Manifest.lock",
			);
			name = "[CP] Check Pods Manifest.lock";
			outputFileListPaths = (
			);
			outputPaths = (
				"$(DERIVED_FILE_DIR)/Pods-MetalDetector-checkManifestLockResult.txt",
			);
			runOnlyForDeploymentPostprocessing = 0;
			shellPath = /bin/sh;
			shellScript = "diff \"${PODS_PODFILE_DIR_PATH}/Podfile.lock\" \"${PODS_ROOT}/Manifest.lock\" > /dev/null\nif [ $? != 0 ] ; then\n    # print error to STDERR\n    echo \"error: The sandbox is not in sync with the Podfile.lock. Run 'pod install' or update your CocoaPods installation.\" >&2\n    exit 1\nfi\n# This output is used by Xcode 'outputs' to avoid re-running this script phase.\necho \"SUCCESS\" > \"${SCRIPT_OUTPUT_FILE_0}\"\n";
			showEnvVarsInLog = 0;
		};
		CF2C93C4610CAC5A1C7CE57E /* [CP] Embed Pods Frameworks */ = {
			isa = PBXShellScriptBuildPhase;
			buildActionMask = 2147483647;
			files = (
			);
			inputFileListPaths = (
				"${PODS_ROOT}/Target Support Files/Pods-MetalDetector/Pods-MetalDetector-frameworks-${CONFIGURATION}-input-files.xcfilelist",
			);
			name = "[CP] Embed Pods Frameworks";
			outputFileListPaths = (
				"${PODS_ROOT}/Target Support Files/Pods-MetalDetector/Pods-MetalDetector-frameworks-${CONFIGURATION}-output-files.xcfilelist",
			);
			runOnlyForDeploymentPostprocessing = 0;
			shellPath = /bin/sh;
			shellScript = "\"${PODS_ROOT}/Target Support Files/Pods-MetalDetector/Pods-MetalDetector-frameworks.sh\"\n";
			showEnvVarsInLog = 0;
		};
/* End PBXShellScriptBuildPhase section */

/* Begin PBXSourcesBuildPhase section */
		9E67092126676066009EEB1D /* Sources */ = {
			isa = PBXSourcesBuildPhase;
			buildActionMask = 2147483647;
			files = (
				9E67092D26676066009EEB1D /* ViewController.swift in Sources */,
				9E67092926676066009EEB1D /* AppDelegate.swift in Sources */,
				9E67092B26676066009EEB1D /* SceneDelegate.swift in Sources */,
				9E670942266762D2009EEB1D /* MagnetometerManager.swift in Sources */,
			);
			runOnlyForDeploymentPostprocessing = 0;
		};
/* End PBXSourcesBuildPhase section */

/* Begin PBXVariantGroup section */
		9E67092E26676066009EEB1D /* Main.storyboard */ = {
			isa = PBXVariantGroup;
			children = (
				9E67092F26676066009EEB1D /* Base */,
			);
			name = Main.storyboard;
			sourceTree = "<group>";
		};
		9E67093326676069009EEB1D /* LaunchScreen.storyboard */ = {
			isa = PBXVariantGroup;
			children = (
				9E67093426676069009EEB1D /* Base */,
			);
			name = LaunchScreen.storyboard;
			sourceTree = "<group>";
		};
/* End PBXVariantGroup section */

/* Begin XCBuildConfiguration section */
		9E67093726676069009EEB1D /* Debug */ = {
			isa = XCBuildConfiguration;
			buildSettings = {
				ALWAYS_SEARCH_USER_PATHS = NO;
				CLANG_ANALYZER_NONNULL = YES;
				CLANG_ANALYZER_NUMBER_OBJECT_CONVERSION = YES_AGGRESSIVE;
				CLANG_CXX_LANGUAGE_STANDARD = "gnu++14";
				CLANG_CXX_LIBRARY = "libc++";
				CLANG_ENABLE_MODULES = YES;
				CLANG_ENABLE_OBJC_ARC = YES;
				CLANG_ENABLE_OBJC_WEAK = YES;
				CLANG_WARN_BLOCK_CAPTURE_AUTORELEASING = YES;
				CLANG_WARN_BOOL_CONVERSION = YES;
				CLANG_WARN_COMMA = YES;
				CLANG_WARN_CONSTANT_CONVERSION = YES;
				CLANG_WARN_DEPRECATED_OBJC_IMPLEMENTATIONS = YES;
				CLANG_WARN_DIRECT_OBJC_ISA_USAGE = YES_ERROR;
				CLANG_WARN_DOCUMENTATION_COMMENTS = YES;
				CLANG_WARN_EMPTY_BODY = YES;
				CLANG_WARN_ENUM_CONVERSION = YES;
				CLANG_WARN_INFINITE_RECURSION = YES;
				CLANG_WARN_INT_CONVERSION = YES;
				CLANG_WARN_NON_LITERAL_NULL_CONVERSION = YES;
				CLANG_WARN_OBJC_IMPLICIT_RETAIN_SELF = YES;
				CLANG_WARN_OBJC_LITERAL_CONVERSION = YES;
				CLANG_WARN_OBJC_ROOT_CLASS = YES_ERROR;
				CLANG_WARN_QUOTED_INCLUDE_IN_FRAMEWORK_HEADER = YES;
				CLANG_WARN_RANGE_LOOP_ANALYSIS = YES;
				CLANG_WARN_STRICT_PROTOTYPES = YES;
				CLANG_WARN_SUSPICIOUS_MOVE = YES;
				CLANG_WARN_UNGUARDED_AVAILABILITY = YES_AGGRESSIVE;
				CLANG_WARN_UNREACHABLE_CODE = YES;
				CLANG_WARN__DUPLICATE_METHOD_MATCH = YES;
				COPY_PHASE_STRIP = NO;
				DEBUG_INFORMATION_FORMAT = dwarf;
				ENABLE_STRICT_OBJC_MSGSEND = YES;
				ENABLE_TESTABILITY = YES;
				GCC_C_LANGUAGE_STANDARD = gnu11;
				GCC_DYNAMIC_NO_PIC = NO;
				GCC_NO_COMMON_BLOCKS = YES;
				GCC_OPTIMIZATION_LEVEL = 0;
				GCC_PREPROCESSOR_DEFINITIONS = (
					"DEBUG=1",
					"$(inherited)",
				);
				GCC_WARN_64_TO_32_BIT_CONVERSION = YES;
				GCC_WARN_ABOUT_RETURN_TYPE = YES_ERROR;
				GCC_WARN_UNDECLARED_SELECTOR = YES;
				GCC_WARN_UNINITIALIZED_AUTOS = YES_AGGRESSIVE;
				GCC_WARN_UNUSED_FUNCTION = YES;
				GCC_WARN_UNUSED_VARIABLE = YES;
				IPHONEOS_DEPLOYMENT_TARGET = 14.5;
				MTL_ENABLE_DEBUG_INFO = INCLUDE_SOURCE;
				MTL_FAST_MATH = YES;
				ONLY_ACTIVE_ARCH = YES;
				SDKROOT = iphoneos;
				SWIFT_ACTIVE_COMPILATION_CONDITIONS = DEBUG;
				SWIFT_OPTIMIZATION_LEVEL = "-Onone";
			};
			name = Debug;
		};
		9E67093826676069009EEB1D /* Release */ = {
			isa = XCBuildConfiguration;
			buildSettings = {
				ALWAYS_SEARCH_USER_PATHS = NO;
				CLANG_ANALYZER_NONNULL = YES;
				CLANG_ANALYZER_NUMBER_OBJECT_CONVERSION = YES_AGGRESSIVE;
				CLANG_CXX_LANGUAGE_STANDARD = "gnu++14";
				CLANG_CXX_LIBRARY = "libc++";
				CLANG_ENABLE_MODULES = YES;
				CLANG_ENABLE_OBJC_ARC = YES;
				CLANG_ENABLE_OBJC_WEAK = YES;
				CLANG_WARN_BLOCK_CAPTURE_AUTORELEASING = YES;
				CLANG_WARN_BOOL_CONVERSION = YES;
				CLANG_WARN_COMMA = YES;
				CLANG_WARN_CONSTANT_CONVERSION = YES;
				CLANG_WARN_DEPRECATED_OBJC_IMPLEMENTATIONS = YES;
				CLANG_WARN_DIRECT_OBJC_ISA_USAGE = YES_ERROR;
				CLANG_WARN_DOCUMENTATION_COMMENTS = YES;
				CLANG_WARN_EMPTY_BODY = YES;
				CLANG_WARN_ENUM_CONVERSION = YES;
				CLANG_WARN_INFINITE_RECURSION = YES;
				CLANG_WARN_INT_CONVERSION = YES;
				CLANG_WARN_NON_LITERAL_NULL_CONVERSION = YES;
				CLANG_WARN_OBJC_IMPLICIT_RETAIN_SELF = YES;
				CLANG_WARN_OBJC_LITERAL_CONVERSION = YES;
				CLANG_WARN_OBJC_ROOT_CLASS = YES_ERROR;
				CLANG_WARN_QUOTED_INCLUDE_IN_FRAMEWORK_HEADER = YES;
				CLANG_WARN_RANGE_LOOP_ANALYSIS = YES;
				CLANG_WARN_STRICT_PROTOTYPES = YES;
				CLANG_WARN_SUSPICIOUS_MOVE = YES;
				CLANG_WARN_UNGUARDED_AVAILABILITY = YES_AGGRESSIVE;
				CLANG_WARN_UNREACHABLE_CODE = YES;
				CLANG_WARN__DUPLICATE_METHOD_MATCH = YES;
				COPY_PHASE_STRIP = NO;
				DEBUG_INFORMATION_FORMAT = "dwarf-with-dsym";
				ENABLE_NS_ASSERTIONS = NO;
				ENABLE_STRICT_OBJC_MSGSEND = YES;
				GCC_C_LANGUAGE_STANDARD = gnu11;
				GCC_NO_COMMON_BLOCKS = YES;
				GCC_WARN_64_TO_32_BIT_CONVERSION = YES;
				GCC_WARN_ABOUT_RETURN_TYPE = YES_ERROR;
				GCC_WARN_UNDECLARED_SELECTOR = YES;
				GCC_WARN_UNINITIALIZED_AUTOS = YES_AGGRESSIVE;
				GCC_WARN_UNUSED_FUNCTION = YES;
				GCC_WARN_UNUSED_VARIABLE = YES;
				IPHONEOS_DEPLOYMENT_TARGET = 14.5;
				MTL_ENABLE_DEBUG_INFO = NO;
				MTL_FAST_MATH = YES;
				SDKROOT = iphoneos;
				SWIFT_COMPILATION_MODE = wholemodule;
				SWIFT_OPTIMIZATION_LEVEL = "-O";
				VALIDATE_PRODUCT = YES;
			};
			name = Release;
		};
		9E67093A26676069009EEB1D /* Debug */ = {
			isa = XCBuildConfiguration;
			baseConfigurationReference = 5EF2CAB35D855D50253B6EB5 /* Pods-MetalDetector.debug.xcconfig */;
			buildSettings = {
				ASSETCATALOG_COMPILER_APPICON_NAME = AppIcon;
				ASSETCATALOG_COMPILER_GLOBAL_ACCENT_COLOR_NAME = AccentColor;
				CODE_SIGN_STYLE = Automatic;
				DEVELOPMENT_TEAM = L5BRL8USGZ;
				INFOPLIST_FILE = MetalDetector/Info.plist;
				LD_RUNPATH_SEARCH_PATHS = (
					"$(inherited)",
					"@executable_path/Frameworks",
				);
				PRODUCT_BUNDLE_IDENTIFIER = com.bwJeong.MetalDetector;
				PRODUCT_NAME = "$(TARGET_NAME)";
				SWIFT_VERSION = 5.0;
				TARGETED_DEVICE_FAMILY = "1,2";
			};
			name = Debug;
		};
		9E67093B26676069009EEB1D /* Release */ = {
			isa = XCBuildConfiguration;
			baseConfigurationReference = 1DB8FB7CE26E259820A75250 /* Pods-MetalDetector.release.xcconfig */;
			buildSettings = {
				ASSETCATALOG_COMPILER_APPICON_NAME = AppIcon;
				ASSETCATALOG_COMPILER_GLOBAL_ACCENT_COLOR_NAME = AccentColor;
				CODE_SIGN_STYLE = Automatic;
				DEVELOPMENT_TEAM = L5BRL8USGZ;
				INFOPLIST_FILE = MetalDetector/Info.plist;
				LD_RUNPATH_SEARCH_PATHS = (
					"$(inherited)",
					"@executable_path/Frameworks",
				);
				PRODUCT_BUNDLE_IDENTIFIER = com.bwJeong.MetalDetector;
				PRODUCT_NAME = "$(TARGET_NAME)";
				SWIFT_VERSION = 5.0;
				TARGETED_DEVICE_FAMILY = "1,2";
			};
			name = Release;
		};
/* End XCBuildConfiguration section */

/* Begin XCConfigurationList section */
		9E67092026676066009EEB1D /* Build configuration list for PBXProject "MetalDetector" */ = {
			isa = XCConfigurationList;
			buildConfigurations = (
				9E67093726676069009EEB1D /* Debug */,
				9E67093826676069009EEB1D /* Release */,
			);
			defaultConfigurationIsVisible = 0;
			defaultConfigurationName = Release;
		};
		9E67093926676069009EEB1D /* Build configuration list for PBXNativeTarget "MetalDetector" */ = {
			isa = XCConfigurationList;
			buildConfigurations = (
				9E67093A26676069009EEB1D /* Debug */,
				9E67093B26676069009EEB1D /* Release */,
			);
			defaultConfigurationIsVisible = 0;
			defaultConfigurationName = Release;
		};
/* End XCConfigurationList section */
	};
	rootObject = 9E67091D26676066009EEB1D /* Project object */;
}
